
Microsoft Visual Studio Solution File, Format Version 12.00
# Visual Studio Version 17
VisualStudioVersion = 17.14.36518.9 d17.14
MinimumVisualStudioVersion = 10.0.40219.1
Project("{FAE04EC0-301F-11D3-BF4B-00C04F79EFBC}") = "Estrcturada1", "Estrcturada1\Estrcturada1.csproj", "{09C19C5B-0C3E-4CAE-A5DB-C78AAB094BE6}"
EndProject
Global
	GlobalSection(SolutionConfigurationPlatforms) = preSolution
		Debug|Any CPU = Debug|Any CPU
		Release|Any CPU = Release|Any CPU
	EndGlobalSection
	GlobalSection(ProjectConfigurationPlatforms) = postSolution
		{09C19C5B-0C3E-4CAE-A5DB-C78AAB094BE6}.Debug|Any CPU.ActiveCfg = Debug|Any CPU
		{09C19C5B-0C3E-4CAE-A5DB-C78AAB094BE6}.Debug|Any CPU.Build.0 = Debug|Any CPU
		{09C19C5B-0C3E-4CAE-A5DB-C78AAB094BE6}.Release|Any CPU.ActiveCfg = Release|Any CPU
		{09C19C5B-0C3E-4CAE-A5DB-C78AAB094BE6}.Release|Any CPU.Build.0 = Release|Any CPU
	EndGlobalSection
	GlobalSection(SolutionProperties) = preSolution
		HideSolutionNode = FALSE
	EndGlobalSection
	GlobalSection(ExtensibilityGlobals) = postSolution
		SolutionGuid = {CB859C50-0DE7-4A76-AB5A-C7B978924954}
	EndGlobalSection
EndGlobal
